
Microsoft Visual Studio Solution File, Format Version 12.00
# Visual Studio Version 16
VisualStudioVersion = 16.0.31729.503
MinimumVisualStudioVersion = 10.0.40219.1
Project("{FAE04EC0-301F-11D3-BF4B-00C04F79EFBC}") = "ResuMake", "ResuMake\ResuMake.csproj", "{065D29BF-923C-459E-A5E8-C33D57DC63C4}"
EndProject
Project("{FAE04EC0-301F-11D3-BF4B-00C04F79EFBC}") = "ResuMake.Console", "ResuMakeConsole\ResuMake.Console.csproj", "{55E05811-EB0F-43C7-AAEB-00C4E27322F4}"
EndProject
Project("{FAE04EC0-301F-11D3-BF4B-00C04F79EFBC}") = "ResuMake.Tests", "ResuMake.Tests\ResuMake.Tests.csproj", "{1C79FC8F-23A0-42A6-9B21-311A4FE8D5CF}"
EndProject
Global
	GlobalSection(SolutionConfigurationPlatforms) = preSolution
		Debug|Any CPU = Debug|Any CPU
		Release|Any CPU = Release|Any CPU
	EndGlobalSection
	GlobalSection(ProjectConfigurationPlatforms) = postSolution
		{065D29BF-923C-459E-A5E8-C33D57DC63C4}.Debug|Any CPU.ActiveCfg = Debug|Any CPU
		{065D29BF-923C-459E-A5E8-C33D57DC63C4}.Debug|Any CPU.Build.0 = Debug|Any CPU
		{065D29BF-923C-459E-A5E8-C33D57DC63C4}.Release|Any CPU.ActiveCfg = Release|Any CPU
		{065D29BF-923C-459E-A5E8-C33D57DC63C4}.Release|Any CPU.Build.0 = Release|Any CPU
		{55E05811-EB0F-43C7-AAEB-00C4E27322F4}.Debug|Any CPU.ActiveCfg = Debug|Any CPU
		{55E05811-EB0F-43C7-AAEB-00C4E27322F4}.Debug|Any CPU.Build.0 = Debug|Any CPU
		{55E05811-EB0F-43C7-AAEB-00C4E27322F4}.Release|Any CPU.ActiveCfg = Release|Any CPU
		{55E05811-EB0F-43C7-AAEB-00C4E27322F4}.Release|Any CPU.Build.0 = Release|Any CPU
		{1C79FC8F-23A0-42A6-9B21-311A4FE8D5CF}.Debug|Any CPU.ActiveCfg = Debug|Any CPU
		{1C79FC8F-23A0-42A6-9B21-311A4FE8D5CF}.Debug|Any CPU.Build.0 = Debug|Any CPU
		{1C79FC8F-23A0-42A6-9B21-311A4FE8D5CF}.Release|Any CPU.ActiveCfg = Release|Any CPU
		{1C79FC8F-23A0-42A6-9B21-311A4FE8D5CF}.Release|Any CPU.Build.0 = Release|Any CPU
	EndGlobalSection
	GlobalSection(SolutionProperties) = preSolution
		HideSolutionNode = FALSE
	EndGlobalSection
	GlobalSection(ExtensibilityGlobals) = postSolution
		SolutionGuid = {B0E7380C-C7AF-48D2-AC11-8B927CEDAB35}
	EndGlobalSection
EndGlobal
